
Microsoft Visual Studio Solution File, Format Version 12.00
# Visual Studio Version 17
VisualStudioVersion = 17.14.36518.9 d17.14
MinimumVisualStudioVersion = 10.0.40219.1
Project("{FAE04EC0-301F-11D3-BF4B-00C04F79EFBC}") = "SmartWorkSpaceVS", "SmartWorkSpaceVS.csproj", "{A555E7D6-5B38-4A2D-A1D2-3B0FD82D0757}"
EndProject
Global
	GlobalSection(SolutionConfigurationPlatforms) = preSolution
		Debug|Any CPU = Debug|Any CPU
		Release|Any CPU = Release|Any CPU
	EndGlobalSection
	GlobalSection(ProjectConfigurationPlatforms) = postSolution
		{A555E7D6-5B38-4A2D-A1D2-3B0FD82D0757}.Debug|Any CPU.ActiveCfg = Debug|Any CPU
		{A555E7D6-5B38-4A2D-A1D2-3B0FD82D0757}.Debug|Any CPU.Build.0 = Debug|Any CPU
		{A555E7D6-5B38-4A2D-A1D2-3B0FD82D0757}.Release|Any CPU.ActiveCfg = Release|Any CPU
		{A555E7D6-5B38-4A2D-A1D2-3B0FD82D0757}.Release|Any CPU.Build.0 = Release|Any CPU
	EndGlobalSection
	GlobalSection(SolutionProperties) = preSolution
		HideSolutionNode = FALSE
	EndGlobalSection
	GlobalSection(ExtensibilityGlobals) = postSolution
		SolutionGuid = {2DC054EF-AE92-49FD-AA46-19BA692A8A36}
	EndGlobalSection
EndGlobal
